
Microsoft Visual Studio Solution File, Format Version 12.00
# Visual Studio Version 16
VisualStudioVersion = 16.0.31410.357
MinimumVisualStudioVersion = 10.0.40219.1
Project("{FAE04EC0-301F-11D3-BF4B-00C04F79EFBC}") = "GisOnImage", "GisOnImage\GisOnImage.csproj", "{BB618784-A8E3-4925-A2DB-F74DFBB8D977}"
EndProject
Global
	GlobalSection(SolutionConfigurationPlatforms) = preSolution
		Debug|Any CPU = Debug|Any CPU
		Release|Any CPU = Release|Any CPU
	EndGlobalSection
	GlobalSection(ProjectConfigurationPlatforms) = postSolution
		{BB618784-A8E3-4925-A2DB-F74DFBB8D977}.Debug|Any CPU.ActiveCfg = Debug|Any CPU
		{BB618784-A8E3-4925-A2DB-F74DFBB8D977}.Debug|Any CPU.Build.0 = Debug|Any CPU
		{BB618784-A8E3-4925-A2DB-F74DFBB8D977}.Release|Any CPU.ActiveCfg = Release|Any CPU
		{BB618784-A8E3-4925-A2DB-F74DFBB8D977}.Release|Any CPU.Build.0 = Release|Any CPU
	EndGlobalSection
	GlobalSection(SolutionProperties) = preSolution
		HideSolutionNode = FALSE
	EndGlobalSection
	GlobalSection(ExtensibilityGlobals) = postSolution
		SolutionGuid = {E73BADAB-3FDE-4538-9DCE-CAAB80E07B58}
	EndGlobalSection
EndGlobal
